{
  "name": "dsh-yolo-mode",
  "version": "0.4.0",
  "lockfileVersion": 3,
  "requires": true,
  "packages": {
    "": {
      "name": "dsh-yolo-mode",
      "version": "0.4.0",
      "license": "MIT",
      "devDependencies": {
        "rolldown": "^1.2.4"
      },
      "engines": {
        "node": ">=20"
      },
      "peerDependencies": {
        "@deepseek-ai/cordis": "^4.0.1",
        "@deepseek-ai/dsh-client-connection": "^0.1.0-rc.6",
        "@deepseek-ai/dsh-client-locale": "^0.1.0-rc.6",
        "@deepseek-ai/dsh-client-runtime": "^0.1.0-rc.6",
        "@deepseek-ai/dsh-client-ui-slots": "^0.1.0-rc.6",
        "@deepseek-ai/dsh-host-apiproxy": "^0.1.0-rc.6",
        "@deepseek-ai/dsh-llm": "^0.1.0-rc.6",
        "@deepseek-ai/dsh-settings": "^0.1.0-rc.6",
        "@deepseek-ai/dsh-timeout": "^0.1.0-rc.6",
        "@deepseek-ai/schemastery": "^3.18.1",
        "react": "^18.2.0"
      }
    },
    "../../../../../DeepSeekHarness/node_modules/.pnpm/@deepseek-ai+cordis@4.0.1_@_d53e407b0055a51d18c4da8d739fec0e/node_modules/@deepseek-ai/cordis": {
      "version": "4.0.1",
      "license": "MIT",
      "peer": true,
      "dependencies": {
        "@deepseek-ai/cosmokit": "^1.8.2",
        "@standard-schema/spec": "^1.1.0"
      },
      "bin": {
        "cordis": "bin.js"
      },
      "peerDependencies": {
        "@deepseek-ai/cordis-plugin-include": "^1.0.6",
        "@deepseek-ai/cordis-plugin-loader": "^1.0.2"
      },
      "peerDependenciesMeta": {
        "@deepseek-ai/cordis-plugin-include": {
          "optional": true
        },
        "@deepseek-ai/cordis-plugin-loader": {
          "optional": true
        }
      }
    },
    "../../../../../DeepSeekHarness/node_modules/.pnpm/@deepseek-ai+dsh-client-con_150d2c37b2f177ccad7f7a8332959d0a/node_modules/@deepseek-ai/dsh-client-connection": {
      "version": "0.1.0-rc.8",
      "license": "MIT",
      "peer": true,
      "dependencies": {
        "@deepseek-ai/schemastery": "^3.18.1",
        "ws": "^8.21.0"
      },
      "devDependencies": {
        "@deepseek-ai/cordis": "^4.0.1",
        "@deepseek-ai/dsh-attachment": "^0.1.0-rc.8",
        "@deepseek-ai/dsh-commands": "^0.1.0-rc.8",
        "@deepseek-ai/dsh-host-apiproxy": "^0.1.0-rc.8",
        "@deepseek-ai/dsh-host-webserver": "^0.1.0-rc.8",
        "@deepseek-ai/dsh-invariants": "^0.1.0-rc.8",
        "@deepseek-ai/dsh-llm": "^0.1.0-rc.8",
        "@deepseek-ai/dsh-session": "^0.1.0-rc.8",
        "@deepseek-ai/dsh-tools": "^0.1.0-rc.8",
        "@types/ws": "^8.18.1"
      },
      "peerDependencies": {
        "@deepseek-ai/cordis": "^4.0.1",
        "@deepseek-ai/dsh-attachment": "^0.1.0-rc.8",
        "@deepseek-ai/dsh-commands": "^0.1.0-rc.8",
        "@deepseek-ai/dsh-host-apiproxy": "^0.1.0-rc.8",
        "@deepseek-ai/dsh-host-webserver": "^0.1.0-rc.8",
        "@deepseek-ai/dsh-invariants": "^0.1.0-rc.8",
        "@deepseek-ai/dsh-llm": "^0.1.0-rc.8",
        "@deepseek-ai/dsh-session": "^0.1.0-rc.8",
        "@deepseek-ai/dsh-tools": "^0.1.0-rc.8"
      }
    },
    "../../../../../DeepSeekHarness/node_modules/.pnpm/@deepseek-ai+dsh-client-loc_a9a365efff3700463bf6a270a260c136/node_modules/@deepseek-ai/dsh-client-locale": {
      "version": "0.1.0-rc.8",
      "license": "MIT",
      "peer": true,
      "dependencies": {
        "@deepseek-ai/schemastery": "^3.18.1"
      },
      "devDependencies": {
        "@deepseek-ai/cordis": "^4.0.1",
        "@deepseek-ai/dsh-api-remotes": "^0.1.0-rc.8",
        "@deepseek-ai/dsh-client-connection": "^0.1.0-rc.8",
        "@deepseek-ai/dsh-client-runtime": "^0.1.0-rc.8",
        "@deepseek-ai/dsh-client-test-runtime": "^0.1.0-rc.8",
        "@deepseek-ai/dsh-client-ui-primitives": "^0.1.0-rc.8",
        "@deepseek-ai/dsh-client-ui-settings": "^0.1.0-rc.8",
        "@deepseek-ai/dsh-client-ui-slots": "^0.1.0-rc.8",
        "@deepseek-ai/dsh-invariants": "^0.1.0-rc.8",
        "@deepseek-ai/dsh-settings": "^0.1.0-rc.8",
        "@types/react": "~18.3.1",
        "react": "^18.2.0"
      },
      "peerDependencies": {
        "@deepseek-ai/cordis": "^4.0.1",
        "@deepseek-ai/dsh-api-remotes": "^0.1.0-rc.8",
        "@deepseek-ai/dsh-client-connection": "^0.1.0-rc.8",
        "@deepseek-ai/dsh-client-runtime": "^0.1.0-rc.8",
        "@deepseek-ai/dsh-client-ui-settings": "^0.1.0-rc.8",
        "@deepseek-ai/dsh-invariants": "^0.1.0-rc.8",
        "@deepseek-ai/dsh-settings": "^0.1.0-rc.8"
      }
    },
    "../../../../../DeepSeekHarness/node_modules/.pnpm/@deepseek-ai+dsh-client-run_6c9f5a595c59773b22c7a887056bbbf6/node_modules/@deepseek-ai/dsh-client-runtime": {
      "version": "0.1.0-rc.8",
      "license": "MIT",
      "peer": true,
      "dependencies": {
        "immer": "^10.1.1",
        "zustand": "~4.4.7"
      },
      "devDependencies": {
        "@deepseek-ai/cordis": "^4.0.1",
        "@deepseek-ai/dsh-agent": "^0.1.0-rc.8",
        "@deepseek-ai/dsh-api-remotes": "^0.1.0-rc.8",
        "@deepseek-ai/dsh-attachment": "^0.1.0-rc.8",
        "@deepseek-ai/dsh-client-connection": "^0.1.0-rc.8",
        "@deepseek-ai/dsh-client-ui-slots": "^0.1.0-rc.8",
        "@deepseek-ai/dsh-commands": "^0.1.0-rc.8",
        "@deepseek-ai/dsh-host-apiproxy": "^0.1.0-rc.8",
        "@deepseek-ai/dsh-invariants": "^0.1.0-rc.8",
        "@deepseek-ai/dsh-llm": "^0.1.0-rc.8",
        "@deepseek-ai/dsh-llm-retry": "^0.1.0-rc.8",
        "@deepseek-ai/dsh-session": "^0.1.0-rc.8",
        "@deepseek-ai/dsh-session-projection": "^0.1.0-rc.8",
        "@deepseek-ai/dsh-session-title": "^0.1.0-rc.8",
        "@deepseek-ai/dsh-timeout": "^0.1.0-rc.8",
        "@deepseek-ai/dsh-tools": "^0.1.0-rc.8",
        "@deepseek-ai/dsh-typert-protocol": "^0.1.0-rc.8",
        "@deepseek-ai/dsh-typert-registry": "^0.1.0-rc.8",
        "@types/react": "~18.3.1",
        "react": "^18.2.0"
      },
      "peerDependencies": {
        "@deepseek-ai/cordis": "^4.0.1",
        "@deepseek-ai/dsh-agent": "^0.1.0-rc.8",
        "@deepseek-ai/dsh-api-remotes": "^0.1.0-rc.8",
        "@deepseek-ai/dsh-attachment": "^0.1.0-rc.8",
        "@deepseek-ai/dsh-client-connection": "^0.1.0-rc.8",
        "@deepseek-ai/dsh-commands": "^0.1.0-rc.8",
        "@deepseek-ai/dsh-host-apiproxy": "^0.1.0-rc.8",
        "@deepseek-ai/dsh-invariants": "^0.1.0-rc.8",
        "@deepseek-ai/dsh-llm": "^0.1.0-rc.8",
        "@deepseek-ai/dsh-llm-retry": "^0.1.0-rc.8",
        "@deepseek-ai/dsh-session": "^0.1.0-rc.8",
        "@deepseek-ai/dsh-session-projection": "^0.1.0-rc.8",
        "@deepseek-ai/dsh-session-title": "^0.1.0-rc.8",
        "@deepseek-ai/dsh-tools": "^0.1.0-rc.8",
        "@deepseek-ai/dsh-typert-protocol": "^0.1.0-rc.8",
        "@deepseek-ai/dsh-typert-registry": "^0.1.0-rc.8"
      }
    },
    "../../../../../DeepSeekHarness/node_modules/.pnpm/@deepseek-ai+dsh-host-apipr_279d5c2138fb37062dd166b8266fdece/node_modules/@deepseek-ai/dsh-host-apiproxy": {
      "version": "0.1.0-rc.8",
      "license": "MIT",
      "peer": true,
      "dependencies": {
        "@deepseek-ai/dsh-agent": "^0.1.0-rc.8",
        "@deepseek-ai/dsh-agent-default-model": "^0.1.0-rc.8",
        "@deepseek-ai/dsh-api-remotes": "^0.1.0-rc.8",
        "@deepseek-ai/dsh-attachment": "^0.1.0-rc.8",
        "@deepseek-ai/dsh-brand": "^0.1.0-rc.8",
        "@deepseek-ai/dsh-commands": "^0.1.0-rc.8",
        "@deepseek-ai/dsh-credentials": "^0.1.0-rc.8",
        "@deepseek-ai/dsh-goal": "^0.1.0-rc.8",
        "@deepseek-ai/dsh-host-directory-picker": "^0.1.0-rc.8",
        "@deepseek-ai/dsh-jobs": "^0.1.0-rc.8",
        "@deepseek-ai/dsh-llm": "^0.1.0-rc.8",
        "@deepseek-ai/dsh-native-command": "^0.1.0-rc.8",
        "@deepseek-ai/dsh-session": "^0.1.0-rc.8",
        "@deepseek-ai/dsh-session-persistence": "^0.1.0-rc.8",
        "@deepseek-ai/dsh-session-projection": "^0.1.0-rc.8",
        "@deepseek-ai/dsh-session-projection-cache": "^0.1.0-rc.8",
        "@deepseek-ai/dsh-session-query": "^0.1.0-rc.8",
        "@deepseek-ai/dsh-session-title": "^0.1.0-rc.8",
        "@deepseek-ai/dsh-settings": "^0.1.0-rc.8",
        "@deepseek-ai/dsh-skill": "^0.1.0-rc.8",
        "@deepseek-ai/dsh-subagent": "^0.1.0-rc.8",
        "@deepseek-ai/dsh-tools": "^0.1.0-rc.8",
        "@deepseek-ai/dsh-user-approval": "^0.1.0-rc.8",
        "@deepseek-ai/dsh-user-questions": "^0.1.0-rc.8",
        "@deepseek-ai/dsh-workspace": "^0.1.0-rc.8",
        "@deepseek-ai/schemastery": "^3.18.1",
        "fflate": "^0.8.2",
        "zod": "^4.4.3"
      },
      "devDependencies": {
        "@deepseek-ai/cordis": "^4.0.1",
        "@deepseek-ai/dsh-agent-presets": "^0.1.0-rc.8",
        "@deepseek-ai/dsh-cordis-host-runner": "^0.1.0-rc.8",
        "@deepseek-ai/dsh-invariants": "^0.1.0-rc.8",
        "@deepseek-ai/dsh-storage": "^0.1.0-rc.8",
        "@deepseek-ai/dsh-storage-domain": "^0.1.0-rc.8",
        "@deepseek-ai/dsh-typert-protocol": "^0.1.0-rc.8",
        "@deepseek-ai/dsh-typert-registry": "^0.1.0-rc.8"
      },
      "peerDependencies": {
        "@deepseek-ai/cordis": "^4.0.1",
        "@deepseek-ai/dsh-agent-presets": "^0.1.0-rc.8",
        "@deepseek-ai/dsh-cordis-host-runner": "^0.1.0-rc.8",
        "@deepseek-ai/dsh-invariants": "^0.1.0-rc.8"
      }
    },
    "../../../../../DeepSeekHarness/node_modules/.pnpm/@deepseek-ai+dsh-llm@0.1.0-_61618b2248b445cfdee05dd35956012b/node_modules/@deepseek-ai/dsh-llm": {
      "version": "0.1.0-rc.8",
      "license": "MIT",
      "peer": true,
      "dependencies": {
        "@deepseek-ai/schemastery": "^3.18.1"
      },
      "devDependencies": {
        "@deepseek-ai/cordis": "^4.0.1",
        "@deepseek-ai/dsh-attachment": "^0.1.0-rc.8",
        "@deepseek-ai/dsh-brand": "^0.1.0-rc.8",
        "@deepseek-ai/dsh-invariants": "^0.1.0-rc.8",
        "@deepseek-ai/dsh-timeout": "^0.1.0-rc.8"
      },
      "peerDependencies": {
        "@deepseek-ai/cordis": "^4.0.1",
        "@deepseek-ai/dsh-attachment": "^0.1.0-rc.8",
        "@deepseek-ai/dsh-brand": "^0.1.0-rc.8",
        "@deepseek-ai/dsh-invariants": "^0.1.0-rc.8",
        "@deepseek-ai/dsh-timeout": "^0.1.0-rc.8"
      }
    },
    "../../../../../DeepSeekHarness/node_modules/.pnpm/@deepseek-ai+dsh-settings@0_7616943ecf171cb97db9e2088de3356f/node_modules/@deepseek-ai/dsh-settings": {
      "version": "0.1.0-rc.8",
      "license": "MIT",
      "peer": true,
      "devDependencies": {
        "@deepseek-ai/cordis": "^4.0.1",
        "@deepseek-ai/dsh-brand": "^0.1.0-rc.8",
        "@deepseek-ai/dsh-invariants": "^0.1.0-rc.8",
        "@deepseek-ai/schemastery": "^3.18.1"
      },
      "peerDependencies": {
        "@deepseek-ai/cordis": "^4.0.1",
        "@deepseek-ai/dsh-brand": "^0.1.0-rc.8",
        "@deepseek-ai/dsh-invariants": "^0.1.0-rc.8",
        "@deepseek-ai/schemastery": "^3.18.1"
      }
    },
    "../../../../../DeepSeekHarness/node_modules/.pnpm/@deepseek-ai+dsh-timeout@0._95b020dd1e69a53c4e35530fca012a2d/node_modules/@deepseek-ai/dsh-timeout": {
      "version": "0.1.0-rc.8",
      "license": "MIT",
      "peer": true,
      "devDependencies": {
        "@deepseek-ai/cordis": "^4.0.1",
        "@deepseek-ai/dsh-invariants": "^0.1.0-rc.8"
      },
      "peerDependencies": {
        "@deepseek-ai/cordis": "^4.0.1",
        "@deepseek-ai/dsh-invariants": "^0.1.0-rc.8"
      }
    },
    "../../../../../DeepSeekHarness/node_modules/.pnpm/@deepseek-ai+schemastery@3.18.1/node_modules/@deepseek-ai/schemastery": {
      "version": "3.18.1",
      "license": "MIT",
      "peer": true,
      "dependencies": {
        "@deepseek-ai/cosmokit": "^1.8.2",
        "@standard-schema/spec": "^1.1.0"
      }
    },
    "../../../../../DeepSeekHarness/node_modules/.pnpm/react@18.3.1/node_modules/react": {
      "version": "18.3.1",
      "license": "MIT",
      "peer": true,
      "dependencies": {
        "loose-envify": "^1.1.0"
      },
      "engines": {
        "node": ">=0.10.0"
      }
    },
    "node_modules/@deepseek-ai/cordis": {
      "resolved": "../../../../../DeepSeekHarness/node_modules/.pnpm/@deepseek-ai+cordis@4.0.1_@_d53e407b0055a51d18c4da8d739fec0e/node_modules/@deepseek-ai/cordis",
      "link": true
    },
    "node_modules/@deepseek-ai/dsh-client-connection": {
      "resolved": "../../../../../DeepSeekHarness/node_modules/.pnpm/@deepseek-ai+dsh-client-con_150d2c37b2f177ccad7f7a8332959d0a/node_modules/@deepseek-ai/dsh-client-connection",
      "link": true
    },
    "node_modules/@deepseek-ai/dsh-client-locale": {
      "resolved": "../../../../../DeepSeekHarness/node_modules/.pnpm/@deepseek-ai+dsh-client-loc_a9a365efff3700463bf6a270a260c136/node_modules/@deepseek-ai/dsh-client-locale",
      "link": true
    },
    "node_modules/@deepseek-ai/dsh-client-runtime": {
      "resolved": "../../../../../DeepSeekHarness/node_modules/.pnpm/@deepseek-ai+dsh-client-run_6c9f5a595c59773b22c7a887056bbbf6/node_modules/@deepseek-ai/dsh-client-runtime",
      "link": true
    },
    "node_modules/@deepseek-ai/dsh-client-ui-slots": {
      "version": "0.1.0-rc.8",
      "resolved": "https://registry.npmjs.org/@deepseek-ai/dsh-client-ui-slots/-/dsh-client-ui-slots-0.1.0-rc.8.tgz",
      "integrity": "sha512-mwmSDuUG2BTcmPSL/o6esCYmjiwlW+uV3+ZZKIHzCxNVZ0AFMsfPQNZLhNSC2SYYw3SuIPb2R1W9DorB++KVyQ==",
      "license": "MIT",
      "peer": true,
      "peerDependencies": {
        "@deepseek-ai/cordis": "^4.0.1",
        "@deepseek-ai/dsh-invariants": "^0.1.0-rc.8"
      }
    },
    "node_modules/@deepseek-ai/dsh-host-apiproxy": {
      "resolved": "../../../../../DeepSeekHarness/node_modules/.pnpm/@deepseek-ai+dsh-host-apipr_279d5c2138fb37062dd166b8266fdece/node_modules/@deepseek-ai/dsh-host-apiproxy",
      "link": true
    },
    "node_modules/@deepseek-ai/dsh-invariants": {
      "version": "0.1.0-rc.8",
      "resolved": "https://registry.npmjs.org/@deepseek-ai/dsh-invariants/-/dsh-invariants-0.1.0-rc.8.tgz",
      "integrity": "sha512-u0lYqyxOYwfsVnbsfGXZos5vFvA4cqFnBEW3/ezgljNwkYwzeUP/Y5wjPnQjP+ZzBn3CnVeIF6s2N2Vk3iA5mQ==",
      "license": "MIT",
      "peer": true,
      "dependencies": {
        "@deepseek-ai/schemastery": "^3.18.1"
      },
      "peerDependencies": {
        "@deepseek-ai/cordis": "^4.0.1"
      }
    },
    "node_modules/@deepseek-ai/dsh-llm": {
      "resolved": "../../../../../DeepSeekHarness/node_modules/.pnpm/@deepseek-ai+dsh-llm@0.1.0-_61618b2248b445cfdee05dd35956012b/node_modules/@deepseek-ai/dsh-llm",
      "link": true
    },
    "node_modules/@deepseek-ai/dsh-settings": {
      "resolved": "../../../../../DeepSeekHarness/node_modules/.pnpm/@deepseek-ai+dsh-settings@0_7616943ecf171cb97db9e2088de3356f/node_modules/@deepseek-ai/dsh-settings",
      "link": true
    },
    "node_modules/@deepseek-ai/dsh-timeout": {
      "resolved": "../../../../../DeepSeekHarness/node_modules/.pnpm/@deepseek-ai+dsh-timeout@0._95b020dd1e69a53c4e35530fca012a2d/node_modules/@deepseek-ai/dsh-timeout",
      "link": true
    },
    "node_modules/@deepseek-ai/schemastery": {
      "resolved": "../../../../../DeepSeekHarness/node_modules/.pnpm/@deepseek-ai+schemastery@3.18.1/node_modules/@deepseek-ai/schemastery",
      "link": true
    },
    "node_modules/@oxc-project/types": {
      "version": "0.146.0",
      "resolved": "https://registry.npmjs.org/@oxc-project/types/-/types-0.146.0.tgz",
      "integrity": "sha512-XC0QsnnhVe7sLIWmYmdPw7x5P0h4W8vUU3Nv1ySgWXtvCz8NizoAEpGXA0sOYoJQV2Rl13LgURAHQ5cI5ILCSA==",
      "dev": true,
      "license": "MIT",
      "funding": {
        "url": "https://github.com/sponsors/Boshen"
      }
    },
    "node_modules/@rolldown/binding-android-arm-eabi": {
      "version": "1.2.5",
      "resolved": "https://registry.npmjs.org/@rolldown/binding-android-arm-eabi/-/binding-android-arm-eabi-1.2.5.tgz",
      "integrity": "sha512-DLe/i+l8ynIBY7XEQ191TeZvCoowIGa18R+dIV30GW7DiOtp74i/xX8hs8GUjW5ARV7VZuie3d6AumSmCwbeRA==",
      "cpu": [
        "arm"
      ],
      "dev": true,
      "license": "MIT",
      "optional": true,
      "os": [
        "android"
      ],
      "engines": {
        "node": "^20.19.0 || >=22.12.0"
      }
    },
    "node_modules/@rolldown/binding-android-arm64": {
      "version": "1.2.5",
      "resolved": "https://registry.npmjs.org/@rolldown/binding-android-arm64/-/binding-android-arm64-1.2.5.tgz",
      "integrity": "sha512-zXcwKlQApYAOELHd8PwKDFkagYF9Wy4e0RJ+0qnzl9Pjnpj75TEG8ufv40p2J7kCEfwZAsNiuzRIyNNMWT38ig==",
      "cpu": [
        "arm64"
      ],
      "dev": true,
      "license": "MIT",
      "optional": true,
      "os": [
        "android"
      ],
      "engines": {
        "node": "^20.19.0 || >=22.12.0"
      }
    },
    "node_modules/@rolldown/binding-darwin-arm64": {
      "version": "1.2.5",
      "resolved": "https://registry.npmjs.org/@rolldown/binding-darwin-arm64/-/binding-darwin-arm64-1.2.5.tgz",
      "integrity": "sha512-dK4QakI42nzWgJT5sm4y4y/O//D4OxM75/cH28RLV+nzIN9AY+YsbuUVrUTjlLjXR6vpyxFbSsbmNuJ6BP9sww==",
      "cpu": [
        "arm64"
      ],
      "dev": true,
      "license": "MIT",
      "optional": true,
      "os": [
        "darwin"
      ],
      "engines": {
        "node": "^20.19.0 || >=22.12.0"
      }
    },
    "node_modules/@rolldown/binding-darwin-x64": {
      "version": "1.2.5",
      "resolved": "https://registry.npmjs.org/@rolldown/binding-darwin-x64/-/binding-darwin-x64-1.2.5.tgz",
      "integrity": "sha512-fqSALaUu1Wjd1nK2uW2kJDWdLCc8lx1IcY+MTY26Aurfdx19anlzhqXOgCFbBFQnlFDTn4TC1/7Nz4Bl2mLP3A==",
      "cpu": [
        "x64"
      ],
      "dev": true,
      "license": "MIT",
      "optional": true,
      "os": [
        "darwin"
      ],
      "engines": {
        "node": "^20.19.0 || >=22.12.0"
      }
    },
    "node_modules/@rolldown/binding-freebsd-x64": {
      "version": "1.2.5",
      "resolved": "https://registry.npmjs.org/@rolldown/binding-freebsd-x64/-/binding-freebsd-x64-1.2.5.tgz",
      "integrity": "sha512-/vCnNxlkxs9tKxNDcyWUePpJ/PgTzxIaVhoM5SmG8UV+GR/IcPam4VYxi7GIMo7PSDuNqlJqvprqii9NqqVCMw==",
      "cpu": [
        "x64"
      ],
      "dev": true,
      "license": "MIT",
      "optional": true,
      "os": [
        "freebsd"
      ],
      "engines": {
        "node": "^20.19.0 || >=22.12.0"
      }
    },
    "node_modules/@rolldown/binding-linux-arm-gnueabihf": {
      "version": "1.2.5",
      "resolved": "https://registry.npmjs.org/@rolldown/binding-linux-arm-gnueabihf/-/binding-linux-arm-gnueabihf-1.2.5.tgz",
      "integrity": "sha512-abk0NLA519LxRCszmbE0jYKuQ9YPocOXTiOXOo6Yr+YAT95VH+PtqYAjOJvGKt3viEd/x4qzabAlwd5bHOOARg==",
      "cpu": [
        "arm"
      ],
      "dev": true,
      "license": "MIT",
      "optional": true,
      "os": [
        "linux"
      ],
      "engines": {
        "node": "^20.19.0 || >=22.12.0"
      }
    },
    "node_modules/@rolldown/binding-linux-arm64-gnu": {
      "version": "1.2.5",
      "resolved": "https://registry.npmjs.org/@rolldown/binding-linux-arm64-gnu/-/binding-linux-arm64-gnu-1.2.5.tgz",
      "integrity": "sha512-Y7eALiJ8lr0M2HH103Js+g7V34wf6snlpZLAsHI90uLhr3PVlNsbFVAXJC9d/V6BnPyKtpSwI+NcB/RLxsQxuA==",
      "cpu": [
        "arm64"
      ],
      "dev": true,
      "libc": [
        "glibc"
      ],
      "license": "MIT",
      "optional": true,
      "os": [
        "linux"
      ],
      "engines": {
        "node": "^20.19.0 || >=22.12.0"
      }
    },
    "node_modules/@rolldown/binding-linux-arm64-musl": {
      "version": "1.2.5",
      "resolved": "https://registry.npmjs.org/@rolldown/binding-linux-arm64-musl/-/binding-linux-arm64-musl-1.2.5.tgz",
      "integrity": "sha512-xMvZgnbZg4YVnR/AX2b3oOPDTFYJvUVaJg5FedA/LuvexAtXibZQej4cnTkw3rjsJ/ggUROB64TdtETiim+FYA==",
      "cpu": [
        "arm64"
      ],
      "dev": true,
      "libc": [
        "musl"
      ],
      "license": "MIT",
      "optional": true,
      "os": [
        "linux"
      ],
      "engines": {
        "node": "^20.19.0 || >=22.12.0"
      }
    },
    "node_modules/@rolldown/binding-linux-ppc64-gnu": {
      "version": "1.2.5",
      "resolved": "https://registry.npmjs.org/@rolldown/binding-linux-ppc64-gnu/-/binding-linux-ppc64-gnu-1.2.5.tgz",
      "integrity": "sha512-GRjeqTUDHTo5GwntsLaAMcBahG3nlpjftXWZLN73HiYQlhwEowvarFgQnRnQZtIp4keXX7quXFbG38uPZBa2EA==",
      "cpu": [
        "ppc64"
      ],
      "dev": true,
      "libc": [
        "glibc"
      ],
      "license": "MIT",
      "optional": true,
      "os": [
        "linux"
      ],
      "engines": {
        "node": "^20.19.0 || >=22.12.0"
      }
    },
    "node_modules/@rolldown/binding-linux-s390x-gnu": {
      "version": "1.2.5",
      "resolved": "https://registry.npmjs.org/@rolldown/binding-linux-s390x-gnu/-/binding-linux-s390x-gnu-1.2.5.tgz",
      "integrity": "sha512-vLNTR45F2Uwc8AufkNXPmB4VliaXs+FvcheEogIzOXzO4l+LzieXF5A/TWxLy5HtqpsRCHUfd0lPVrrdgXdLHQ==",
      "cpu": [
        "s390x"
      ],
      "dev": true,
      "libc": [
        "glibc"
      ],
      "license": "MIT",
      "optional": true,
      "os": [
        "linux"
      ],
      "engines": {
        "node": "^20.19.0 || >=22.12.0"
      }
    },
    "node_modules/@rolldown/binding-linux-x64-gnu": {
      "version": "1.2.5",
      "resolved": "https://registry.npmjs.org/@rolldown/binding-linux-x64-gnu/-/binding-linux-x64-gnu-1.2.5.tgz",
      "integrity": "sha512-Mgj59/HTuYeK9Gz2MA+mBWKnHsAgkBSec15ZMb1st3oIfFbX7gCjOae7GydHhzcyQi9Z/7M1QuN9bR3oFqF0jQ==",
      "cpu": [
        "x64"
      ],
      "dev": true,
      "libc": [
        "glibc"
      ],
      "license": "MIT",
      "optional": true,
      "os": [
        "linux"
      ],
      "engines": {
        "node": "^20.19.0 || >=22.12.0"
      }
    },
    "node_modules/@rolldown/binding-linux-x64-musl": {
      "version": "1.2.5",
      "resolved": "https://registry.npmjs.org/@rolldown/binding-linux-x64-musl/-/binding-linux-x64-musl-1.2.5.tgz",
      "integrity": "sha512-mY8AP0/ichsbhAxGnLa3d3+MwV0EfgrPND2bplI3Ym8T6R2pJ0N87bvrKVwNXmdy3jnr6eQBecdqx/HMknBmpA==",
      "cpu": [
        "x64"
      ],
      "dev": true,
      "libc": [
        "musl"
      ],
      "license": "MIT",
      "optional": true,
      "os": [
        "linux"
      ],
      "engines": {
        "node": "^20.19.0 || >=22.12.0"
      }
    },
    "node_modules/@rolldown/binding-openharmony-arm64": {
      "version": "1.2.5",
      "resolved": "https://registry.npmjs.org/@rolldown/binding-openharmony-arm64/-/binding-openharmony-arm64-1.2.5.tgz",
      "integrity": "sha512-8SLssA2oweAxyRgDp789ACfRb/3P+zNRJpzZxSizxF9m8NUDQ4+3xjo8ttjhVGGw6Qxb70oZiEtIjaKikCO7Yw==",
      "cpu": [
        "arm64"
      ],
      "dev": true,
      "license": "MIT",
      "optional": true,
      "os": [
        "openharmony"
      ],
      "engines": {
        "node": "^20.19.0 || >=22.12.0"
      }
    },
    "node_modules/@rolldown/binding-win32-arm64-msvc": {
      "version": "1.2.5",
      "resolved": "https://registry.npmjs.org/@rolldown/binding-win32-arm64-msvc/-/binding-win32-arm64-msvc-1.2.5.tgz",
      "integrity": "sha512-vGbruD5zquhoc8D9SViXgN2FBJtNdTyQ4DtG+SWiEGlJiAzoKcZ2xp+xuXCffhubVdt0NJlTZqkeRuERy7g8Cw==",
      "cpu": [
        "arm64"
      ],
      "dev": true,
      "license": "MIT",
      "optional": true,
      "os": [
        "win32"
      ],
      "engines": {
        "node": "^20.19.0 || >=22.12.0"
      }
    },
    "node_modules/@rolldown/binding-win32-x64-msvc": {
      "version": "1.2.5",
      "resolved": "https://registry.npmjs.org/@rolldown/binding-win32-x64-msvc/-/binding-win32-x64-msvc-1.2.5.tgz",
      "integrity": "sha512-e/SXpgISz+IoqVcSSI0rx/d/he8zqLex+/rCWpnHpmVfmPIUjag9H6P7zotf0gJHwPUhQxZ/mF8tr6acebT9yw==",
      "cpu": [
        "x64"
      ],
      "dev": true,
      "license": "MIT",
      "optional": true,
      "os": [
        "win32"
      ],
      "engines": {
        "node": "^20.19.0 || >=22.12.0"
      }
    },
    "node_modules/@rolldown/pluginutils": {
      "version": "1.0.1",
      "resolved": "https://registry.npmjs.org/@rolldown/pluginutils/-/pluginutils-1.0.1.tgz",
      "integrity": "sha512-2j9bGt5Jh8hj+vPtgzPtl72j0yRxHAyumoo6TNfAjsLB04UtpSvPbPcDcBMxz7n+9CYB0c1GxQFxYRg2jimqGw==",
      "dev": true,
      "license": "MIT"
    },
    "node_modules/react": {
      "resolved": "../../../../../DeepSeekHarness/node_modules/.pnpm/react@18.3.1/node_modules/react",
      "link": true
    },
    "node_modules/rolldown": {
      "version": "1.2.5",
      "resolved": "https://registry.npmjs.org/rolldown/-/rolldown-1.2.5.tgz",
      "integrity": "sha512-VD2IE5PUG4Oj8zz2VGykiYd5wbnjdIiSsNQb8Qu5B+noEp+A78mu2iVvpp27g8es14Tk9rofNs5Tku9iQCS4fA==",
      "dev": true,
      "license": "MIT",
      "dependencies": {
        "@oxc-project/types": "=0.146.0",
        "@rolldown/pluginutils": "^1.0.0"
      },
      "bin": {
        "rolldown": "bin/cli.mjs"
      },
      "engines": {
        "node": "^20.19.0 || >=22.12.0"
      },
      "optionalDependencies": {
        "@rolldown/binding-android-arm-eabi": "1.2.5",
        "@rolldown/binding-android-arm64": "1.2.5",
        "@rolldown/binding-darwin-arm64": "1.2.5",
        "@rolldown/binding-darwin-x64": "1.2.5",
        "@rolldown/binding-freebsd-x64": "1.2.5",
        "@rolldown/binding-linux-arm-gnueabihf": "1.2.5",
        "@rolldown/binding-linux-arm64-gnu": "1.2.5",
        "@rolldown/binding-linux-arm64-musl": "1.2.5",
        "@rolldown/binding-linux-ppc64-gnu": "1.2.5",
        "@rolldown/binding-linux-s390x-gnu": "1.2.5",
        "@rolldown/binding-linux-x64-gnu": "1.2.5",
        "@rolldown/binding-linux-x64-musl": "1.2.5",
        "@rolldown/binding-openharmony-arm64": "1.2.5",
        "@rolldown/binding-win32-arm64-msvc": "1.2.5",
        "@rolldown/binding-win32-x64-msvc": "1.2.5"
      }
    }
  }
}
